
Microsoft Visual Studio Solution File, Format Version 12.00
# Visual Studio Version 17
VisualStudioVersion = 17.5.002.0
MinimumVisualStudioVersion = 10.0.40219.1
Project("{9A19103F-16F7-4668-BE54-9A1E7A4F7556}") = "interview-matcher", "interview-matcher.csproj", "{FFE21913-5C10-42E1-89EB-092D00D9263B}"
EndProject
Global
	GlobalSection(SolutionConfigurationPlatforms) = preSolution
		Debug|Any CPU = Debug|Any CPU
		Release|Any CPU = Release|Any CPU
	EndGlobalSection
	GlobalSection(ProjectConfigurationPlatforms) = postSolution
		{FFE21913-5C10-42E1-89EB-092D00D9263B}.Debug|Any CPU.ActiveCfg = Debug|Any CPU
		{FFE21913-5C10-42E1-89EB-092D00D9263B}.Debug|Any CPU.Build.0 = Debug|Any CPU
		{FFE21913-5C10-42E1-89EB-092D00D9263B}.Release|Any CPU.ActiveCfg = Release|Any CPU
		{FFE21913-5C10-42E1-89EB-092D00D9263B}.Release|Any CPU.Build.0 = Release|Any CPU
	EndGlobalSection
	GlobalSection(SolutionProperties) = preSolution
		HideSolutionNode = FALSE
	EndGlobalSection
	GlobalSection(ExtensibilityGlobals) = postSolution
		SolutionGuid = {1AE67F5A-3F8B-4DF8-89EC-201CBC76BE80}
	EndGlobalSection
EndGlobal
